// !$*UTF8*$!
{
	archiveVersion = 1;
	classes = {
	};
	objectVersion = 56;
	objects = {

/* Begin PBXBuildFile section */
		29202A8D29891552009FD057 /* AuthenticationView.swift in Sources */ = {isa = PBXBuildFile; fileRef = 29202A8C29891552009FD057 /* AuthenticationView.swift */; };
		29202A92298915EE009FD057 /* User.swift in Sources */ = {isa = PBXBuildFile; fileRef = 29202A91298915EE009FD057 /* User.swift */; };
		29397E652981D0650007F3D1 /* ChattingAPPApp.swift in Sources */ = {isa = PBXBuildFile; fileRef = 29397E642981D0650007F3D1 /* ChattingAPPApp.swift */; };
		29397E672981D0650007F3D1 /* ContentView.swift in Sources */ = {isa = PBXBuildFile; fileRef = 29397E662981D0650007F3D1 /* ContentView.swift */; };
		29397E692981D06B0007F3D1 /* Assets.xcassets in Resources */ = {isa = PBXBuildFile; fileRef = 29397E682981D06B0007F3D1 /* Assets.xcassets */; };
		29397E6C2981D06B0007F3D1 /* Preview Assets.xcassets in Resources */ = {isa = PBXBuildFile; fileRef = 29397E6B2981D06B0007F3D1 /* Preview Assets.xcassets */; };
		29397E742981D22C0007F3D1 /* OpenAISwift in Frameworks */ = {isa = PBXBuildFile; productRef = 29397E732981D22C0007F3D1 /* OpenAISwift */; };
		29397E782981D4FE0007F3D1 /* GlobalChatView.swift in Sources */ = {isa = PBXBuildFile; fileRef = 29397E772981D4FE0007F3D1 /* GlobalChatView.swift */; };
		294572C5298AD49F007DDD78 /* UserViewModel.swift in Sources */ = {isa = PBXBuildFile; fileRef = 294572C4298AD49F007DDD78 /* UserViewModel.swift */; };
		294572C7298AF978007DDD78 /* GoogleService-Info.plist in Resources */ = {isa = PBXBuildFile; fileRef = 294572C6298AF978007DDD78 /* GoogleService-Info.plist */; };
		294572C9298B0AF3007DDD78 /* Message.swift in Sources */ = {isa = PBXBuildFile; fileRef = 294572C8298B0AF3007DDD78 /* Message.swift */; };
		294572CB298B0B02007DDD78 /* MessageViewModel.swift in Sources */ = {isa = PBXBuildFile; fileRef = 294572CA298B0B02007DDD78 /* MessageViewModel.swift */; };
		2950D539298C0171007F0657 /* MessageView.swift in Sources */ = {isa = PBXBuildFile; fileRef = 2950D538298C0171007F0657 /* MessageView.swift */; };
		2950D53B298C3C65007F0657 /* SettingsView.swift in Sources */ = {isa = PBXBuildFile; fileRef = 2950D53A298C3C65007F0657 /* SettingsView.swift */; };
		2981BECA298ED4D900D40C7A /* ImagePicker.swift in Sources */ = {isa = PBXBuildFile; fileRef = 2981BEC9298ED4D900D40C7A /* ImagePicker.swift */; };
		2981BECC2991152900D40C7A /* ChatsView.swift in Sources */ = {isa = PBXBuildFile; fileRef = 2981BECB2991152900D40C7A /* ChatsView.swift */; };
		2991A53F29A01A5F0010BD5F /* MessageCard.swift in Sources */ = {isa = PBXBuildFile; fileRef = 2991A53E29A01A5F0010BD5F /* MessageCard.swift */; };
		29F8D1AC298EC4BE00AF256A /* ImageLoader.swift in Sources */ = {isa = PBXBuildFile; fileRef = 29F8D1AB298EC4BE00AF256A /* ImageLoader.swift */; };
		29F8D1AE298EC6AA00AF256A /* ProfileImageView.swift in Sources */ = {isa = PBXBuildFile; fileRef = 29F8D1AD298EC6AA00AF256A /* ProfileImageView.swift */; };
		86A290A99E3BD14B83CFD3E9 /* Pods_ChattingAPP.framework in Frameworks */ = {isa = PBXBuildFile; fileRef = 2090FA6A96386A6E9A69F4A0 /* Pods_ChattingAPP.framework */; };
/* End PBXBuildFile section */

/* Begin PBXFileReference section */
		2090FA6A96386A6E9A69F4A0 /* Pods_ChattingAPP.framework */ = {isa = PBXFileReference; explicitFileType = wrapper.framework; includeInIndex = 0; path = Pods_ChattingAPP.framework; sourceTree = BUILT_PRODUCTS_DIR; };
		29202A8C29891552009FD057 /* AuthenticationView.swift */ = {isa = PBXFileReference; lastKnownFileType = sourcecode.swift; path = AuthenticationView.swift; sourceTree = "<group>"; };
		29202A91298915EE009FD057 /* User.swift */ = {isa = PBXFileReference; lastKnownFileType = sourcecode.swift; path = User.swift; sourceTree = "<group>"; };
		29397E612981D0650007F3D1 /* ChattingAPP.app */ = {isa = PBXFileReference; explicitFileType = wrapper.application; includeInIndex = 0; path = ChattingAPP.app; sourceTree = BUILT_PRODUCTS_DIR; };
		29397E642981D0650007F3D1 /* ChattingAPPApp.swift */ = {isa = PBXFileReference; lastKnownFileType = sourcecode.swift; path = ChattingAPPApp.swift; sourceTree = "<group>"; };
		29397E662981D0650007F3D1 /* ContentView.swift */ = {isa = PBXFileReference; lastKnownFileType = sourcecode.swift; path = ContentView.swift; sourceTree = "<group>"; };
		29397E682981D06B0007F3D1 /* Assets.xcassets */ = {isa = PBXFileReference; lastKnownFileType = folder.assetcatalog; path = Assets.xcassets; sourceTree = "<group>"; };
		29397E6B2981D06B0007F3D1 /* Preview Assets.xcassets */ = {isa = PBXFileReference; lastKnownFileType = folder.assetcatalog; path = "Preview Assets.xcassets"; sourceTree = "<group>"; };
		29397E772981D4FE0007F3D1 /* GlobalChatView.swift */ = {isa = PBXFileReference; lastKnownFileType = sourcecode.swift; path = GlobalChatView.swift; sourceTree = "<group>"; };
		294572C4298AD49F007DDD78 /* UserViewModel.swift */ = {isa = PBXFileReference; lastKnownFileType = sourcecode.swift; path = UserViewModel.swift; sourceTree = "<group>"; };
		294572C6298AF978007DDD78 /* GoogleService-Info.plist */ = {isa = PBXFileReference; fileEncoding = 4; lastKnownFileType = text.plist.xml; path = "GoogleService-Info.plist"; sourceTree = "<group>"; };
		294572C8298B0AF3007DDD78 /* Message.swift */ = {isa = PBXFileReference; lastKnownFileType = sourcecode.swift; path = Message.swift; sourceTree = "<group>"; };
		294572CA298B0B02007DDD78 /* MessageViewModel.swift */ = {isa = PBXFileReference; lastKnownFileType = sourcecode.swift; path = MessageViewModel.swift; sourceTree = "<group>"; };
		2950D538298C0171007F0657 /* MessageView.swift */ = {isa = PBXFileReference; lastKnownFileType = sourcecode.swift; path = MessageView.swift; sourceTree = "<group>"; };
		2950D53A298C3C65007F0657 /* SettingsView.swift */ = {isa = PBXFileReference; lastKnownFileType = sourcecode.swift; path = SettingsView.swift; sourceTree = "<group>"; };
		2981BEC9298ED4D900D40C7A /* ImagePicker.swift */ = {isa = PBXFileReference; lastKnownFileType = sourcecode.swift; path = ImagePicker.swift; sourceTree = "<group>"; };
		2981BECB2991152900D40C7A /* ChatsView.swift */ = {isa = PBXFileReference; lastKnownFileType = sourcecode.swift; path = ChatsView.swift; sourceTree = "<group>"; };
		2991A53E29A01A5F0010BD5F /* MessageCard.swift */ = {isa = PBXFileReference; lastKnownFileType = sourcecode.swift; path = MessageCard.swift; sourceTree = "<group>"; };
		29F8D1AB298EC4BE00AF256A /* ImageLoader.swift */ = {isa = PBXFileReference; lastKnownFileType = sourcecode.swift; path = ImageLoader.swift; sourceTree = "<group>"; };
		29F8D1AD298EC6AA00AF256A /* ProfileImageView.swift */ = {isa = PBXFileReference; lastKnownFileType = sourcecode.swift; path = ProfileImageView.swift; sourceTree = "<group>"; };
		933593AEC3D0A08E79B0C539 /* Pods-ChattingAPP.release.xcconfig */ = {isa = PBXFileReference; includeInIndex = 1; lastKnownFileType = text.xcconfig; name = "Pods-ChattingAPP.release.xcconfig"; path = "Target Support Files/Pods-ChattingAPP/Pods-ChattingAPP.release.xcconfig"; sourceTree = "<group>"; };
		DACA17065EE03E1823D138BE /* Pods-ChattingAPP.debug.xcconfig */ = {isa = PBXFileReference; includeInIndex = 1; lastKnownFileType = text.xcconfig; name = "Pods-ChattingAPP.debug.xcconfig"; path = "Target Support Files/Pods-ChattingAPP/Pods-ChattingAPP.debug.xcconfig"; sourceTree = "<group>"; };
/* End PBXFileReference section */

/* Begin PBXFrameworksBuildPhase section */
		29397E5E2981D0650007F3D1 /* Frameworks */ = {
			isa = PBXFrameworksBuildPhase;
			buildActionMask = 2147483647;
			files = (
				29397E742981D22C0007F3D1 /* OpenAISwift in Frameworks */,
				86A290A99E3BD14B83CFD3E9 /* Pods_ChattingAPP.framework in Frameworks */,
			);
			runOnlyForDeploymentPostprocessing = 0;
		};
/* End PBXFrameworksBuildPhase section */

/* Begin PBXGroup section */
		09B715FC8532BB7CB3E1D27C /* Frameworks */ = {
			isa = PBXGroup;
			children = (
				2090FA6A96386A6E9A69F4A0 /* Pods_ChattingAPP.framework */,
			);
			name = Frameworks;
			sourceTree = "<group>";
		};
		29202A90298915DC009FD057 /* Models */ = {
			isa = PBXGroup;
			children = (
				29202A91298915EE009FD057 /* User.swift */,
				294572C8298B0AF3007DDD78 /* Message.swift */,
			);
			path = Models;
			sourceTree = "<group>";
		};
		29397E582981D0650007F3D1 = {
			isa = PBXGroup;
			children = (
				29397E632981D0650007F3D1 /* ChattingAPP */,
				29397E622981D0650007F3D1 /* Products */,
				A8BD5408428983BD761B4475 /* Pods */,
				09B715FC8532BB7CB3E1D27C /* Frameworks */,
			);
			sourceTree = "<group>";
		};
		29397E622981D0650007F3D1 /* Products */ = {
			isa = PBXGroup;
			children = (
				29397E612981D0650007F3D1 /* ChattingAPP.app */,
			);
			name = Products;
			sourceTree = "<group>";
		};
		29397E632981D0650007F3D1 /* ChattingAPP */ = {
			isa = PBXGroup;
			children = (
				29F8D1AA298EC4AC00AF256A /* Extensions */,
				294572C6298AF978007DDD78 /* GoogleService-Info.plist */,
				29202A90298915DC009FD057 /* Models */,
				29397E7A29827A620007F3D1 /* ViewModel */,
				29397E7929827A4E0007F3D1 /* View */,
				29397E642981D0650007F3D1 /* ChattingAPPApp.swift */,
				29397E662981D0650007F3D1 /* ContentView.swift */,
				29397E682981D06B0007F3D1 /* Assets.xcassets */,
				29397E6A2981D06B0007F3D1 /* Preview Content */,
			);
			path = ChattingAPP;
			sourceTree = "<group>";
		};
		29397E6A2981D06B0007F3D1 /* Preview Content */ = {
			isa = PBXGroup;
			children = (
				29397E6B2981D06B0007F3D1 /* Preview Assets.xcassets */,
			);
			path = "Preview Content";
			sourceTree = "<group>";
		};
		29397E7929827A4E0007F3D1 /* View */ = {
			isa = PBXGroup;
			children = (
				29397E772981D4FE0007F3D1 /* GlobalChatView.swift */,
				29202A8C29891552009FD057 /* AuthenticationView.swift */,
				2950D538298C0171007F0657 /* MessageView.swift */,
				2950D53A298C3C65007F0657 /* SettingsView.swift */,
				29F8D1AD298EC6AA00AF256A /* ProfileImageView.swift */,
				2981BECB2991152900D40C7A /* ChatsView.swift */,
				2991A53E29A01A5F0010BD5F /* MessageCard.swift */,
			);
			path = View;
			sourceTree = "<group>";
		};
		29397E7A29827A620007F3D1 /* ViewModel */ = {
			isa = PBXGroup;
			children = (
				294572C4298AD49F007DDD78 /* UserViewModel.swift */,
				294572CA298B0B02007DDD78 /* MessageViewModel.swift */,
			);
			path = ViewModel;
			sourceTree = "<group>";
		};
		29F8D1AA298EC4AC00AF256A /* Extensions */ = {
			isa = PBXGroup;
			children = (
				29F8D1AB298EC4BE00AF256A /* ImageLoader.swift */,
				2981BEC9298ED4D900D40C7A /* ImagePicker.swift */,
			);
			path = Extensions;
			sourceTree = "<group>";
		};
		A8BD5408428983BD761B4475 /* Pods */ = {
			isa = PBXGroup;
			children = (
				DACA17065EE03E1823D138BE /* Pods-ChattingAPP.debug.xcconfig */,
				933593AEC3D0A08E79B0C539 /* Pods-ChattingAPP.release.xcconfig */,
			);
			path = Pods;
			sourceTree = "<group>";
		};
/* End PBXGroup section */

/* Begin PBXNativeTarget section */
		29397E602981D0650007F3D1 /* ChattingAPP */ = {
			isa = PBXNativeTarget;
			buildConfigurationList = 29397E6F2981D06B0007F3D1 /* Build configuration list for PBXNativeTarget "ChattingAPP" */;
			buildPhases = (
				EDBEF07404E1970583B1DC68 /* [CP] Check Pods Manifest.lock */,
				29397E5D2981D0650007F3D1 /* Sources */,
				29397E5E2981D0650007F3D1 /* Frameworks */,
				29397E5F2981D0650007F3D1 /* Resources */,
				B0F67640A85BA16A047848B3 /* [CP] Embed Pods Frameworks */,
			);
			buildRules = (
			);
			dependencies = (
			);
			name = ChattingAPP;
			packageProductDependencies = (
				29397E732981D22C0007F3D1 /* OpenAISwift */,
			);
			productName = ChattingAPP;
			productReference = 29397E612981D0650007F3D1 /* ChattingAPP.app */;
			productType = "com.apple.product-type.application";
		};
/* End PBXNativeTarget section */

/* Begin PBXProject section */
		29397E592981D0650007F3D1 /* Project object */ = {
			isa = PBXProject;
			attributes = {
				BuildIndependentTargetsInParallel = 1;
				LastSwiftUpdateCheck = 1420;
				LastUpgradeCheck = 1420;
				TargetAttributes = {
					29397E602981D0650007F3D1 = {
						CreatedOnToolsVersion = 14.2;
					};
				};
			};
			buildConfigurationList = 29397E5C2981D0650007F3D1 /* Build configuration list for PBXProject "ChattingAPP" */;
			compatibilityVersion = "Xcode 14.0";
			developmentRegion = en;
			hasScannedForEncodings = 0;
			knownRegions = (
				en,
				Base,
			);
			mainGroup = 29397E582981D0650007F3D1;
			packageReferences = (
				29397E722981D22C0007F3D1 /* XCRemoteSwiftPackageReference "OpenAISwift" */,
			);
			productRefGroup = 29397E622981D0650007F3D1 /* Products */;
			projectDirPath = "";
			projectRoot = "";
			targets = (
				29397E602981D0650007F3D1 /* ChattingAPP */,
			);
		};
/* End PBXProject section */

/* Begin PBXResourcesBuildPhase section */
		29397E5F2981D0650007F3D1 /* Resources */ = {
			isa = PBXResourcesBuildPhase;
			buildActionMask = 2147483647;
			files = (
				29397E6C2981D06B0007F3D1 /* Preview Assets.xcassets in Resources */,
				294572C7298AF978007DDD78 /* GoogleService-Info.plist in Resources */,
				29397E692981D06B0007F3D1 /* Assets.xcassets in Resources */,
			);
			runOnlyForDeploymentPostprocessing = 0;
		};
/* End PBXResourcesBuildPhase section */

/* Begin PBXShellScriptBuildPhase section */
		B0F67640A85BA16A047848B3 /* [CP] Embed Pods Frameworks */ = {
			isa = PBXShellScriptBuildPhase;
			buildActionMask = 2147483647;
			files = (
			);
			inputFileListPaths = (
				"${PODS_ROOT}/Target Support Files/Pods-ChattingAPP/Pods-ChattingAPP-frameworks-${CONFIGURATION}-input-files.xcfilelist",
			);
			name = "[CP] Embed Pods Frameworks";
			outputFileListPaths = (
				"${PODS_ROOT}/Target Support Files/Pods-ChattingAPP/Pods-ChattingAPP-frameworks-${CONFIGURATION}-output-files.xcfilelist",
			);
			runOnlyForDeploymentPostprocessing = 0;
			shellPath = /bin/sh;
			shellScript = "\"${PODS_ROOT}/Target Support Files/Pods-ChattingAPP/Pods-ChattingAPP-frameworks.sh\"\n";
			showEnvVarsInLog = 0;
		};
		EDBEF07404E1970583B1DC68 /* [CP] Check Pods Manifest.lock */ = {
			isa = PBXShellScriptBuildPhase;
			buildActionMask = 2147483647;
			files = (
			);
			inputFileListPaths = (
			);
			inputPaths = (
				"${PODS_PODFILE_DIR_PATH}/Podfile.lock",
				"${PODS_ROOT}/Manifest.lock",
			);
			name = "[CP] Check Pods Manifest.lock";
			outputFileListPaths = (
			);
			outputPaths = (
				"$(DERIVED_FILE_DIR)/Pods-ChattingAPP-checkManifestLockResult.txt",
			);
			runOnlyForDeploymentPostprocessing = 0;
			shellPath = /bin/sh;
			shellScript = "diff \"${PODS_PODFILE_DIR_PATH}/Podfile.lock\" \"${PODS_ROOT}/Manifest.lock\" > /dev/null\nif [ $? != 0 ] ; then\n    # print error to STDERR\n    echo \"error: The sandbox is not in sync with the Podfile.lock. Run 'pod install' or update your CocoaPods installation.\" >&2\n    exit 1\nfi\n# This output is used by Xcode 'outputs' to avoid re-running this script phase.\necho \"SUCCESS\" > \"${SCRIPT_OUTPUT_FILE_0}\"\n";
			showEnvVarsInLog = 0;
		};
/* End PBXShellScriptBuildPhase section */

/* Begin PBXSourcesBuildPhase section */
		29397E5D2981D0650007F3D1 /* Sources */ = {
			isa = PBXSourcesBuildPhase;
			buildActionMask = 2147483647;
			files = (
				29397E782981D4FE0007F3D1 /* GlobalChatView.swift in Sources */,
				294572C5298AD49F007DDD78 /* UserViewModel.swift in Sources */,
				294572CB298B0B02007DDD78 /* MessageViewModel.swift in Sources */,
				29397E672981D0650007F3D1 /* ContentView.swift in Sources */,
				294572C9298B0AF3007DDD78 /* Message.swift in Sources */,
				29202A8D29891552009FD057 /* AuthenticationView.swift in Sources */,
				2950D539298C0171007F0657 /* MessageView.swift in Sources */,
				2991A53F29A01A5F0010BD5F /* MessageCard.swift in Sources */,
				29397E652981D0650007F3D1 /* ChattingAPPApp.swift in Sources */,
				2981BECC2991152900D40C7A /* ChatsView.swift in Sources */,
				29F8D1AE298EC6AA00AF256A /* ProfileImageView.swift in Sources */,
				29202A92298915EE009FD057 /* User.swift in Sources */,
				2950D53B298C3C65007F0657 /* SettingsView.swift in Sources */,
				2981BECA298ED4D900D40C7A /* ImagePicker.swift in Sources */,
				29F8D1AC298EC4BE00AF256A /* ImageLoader.swift in Sources */,
			);
			runOnlyForDeploymentPostprocessing = 0;
		};
/* End PBXSourcesBuildPhase section */

/* Begin XCBuildConfiguration section */
		29397E6D2981D06B0007F3D1 /* Debug */ = {
			isa = XCBuildConfiguration;
			buildSettings = {
				ALWAYS_SEARCH_USER_PATHS = NO;
				CLANG_ANALYZER_NONNULL = YES;
				CLANG_ANALYZER_NUMBER_OBJECT_CONVERSION = YES_AGGRESSIVE;
				CLANG_CXX_LANGUAGE_STANDARD = "gnu++20";
				CLANG_ENABLE_MODULES = YES;
				CLANG_ENABLE_OBJC_ARC = YES;
				CLANG_ENABLE_OBJC_WEAK = YES;
				CLANG_WARN_BLOCK_CAPTURE_AUTORELEASING = YES;
				CLANG_WARN_BOOL_CONVERSION = YES;
				CLANG_WARN_COMMA = YES;
				CLANG_WARN_CONSTANT_CONVERSION = YES;
				CLANG_WARN_DEPRECATED_OBJC_IMPLEMENTATIONS = YES;
				CLANG_WARN_DIRECT_OBJC_ISA_USAGE = YES_ERROR;
				CLANG_WARN_DOCUMENTATION_COMMENTS = YES;
				CLANG_WARN_EMPTY_BODY = YES;
				CLANG_WARN_ENUM_CONVERSION = YES;
				CLANG_WARN_INFINITE_RECURSION = YES;
				CLANG_WARN_INT_CONVERSION = YES;
				CLANG_WARN_NON_LITERAL_NULL_CONVERSION = YES;
				CLANG_WARN_OBJC_IMPLICIT_RETAIN_SELF = YES;
				CLANG_WARN_OBJC_LITERAL_CONVERSION = YES;
				CLANG_WARN_OBJC_ROOT_CLASS = YES_ERROR;
				CLANG_WARN_QUOTED_INCLUDE_IN_FRAMEWORK_HEADER = YES;
				CLANG_WARN_RANGE_LOOP_ANALYSIS = YES;
				CLANG_WARN_STRICT_PROTOTYPES = YES;
				CLANG_WARN_SUSPICIOUS_MOVE = YES;
				CLANG_WARN_UNGUARDED_AVAILABILITY = YES_AGGRESSIVE;
				CLANG_WARN_UNREACHABLE_CODE = YES;
				CLANG_WARN__DUPLICATE_METHOD_MATCH = YES;
				COPY_PHASE_STRIP = NO;
				DEBUG_INFORMATION_FORMAT = dwarf;
				ENABLE_STRICT_OBJC_MSGSEND = YES;
				ENABLE_TESTABILITY = YES;
				GCC_C_LANGUAGE_STANDARD = gnu11;
				GCC_DYNAMIC_NO_PIC = NO;
				GCC_NO_COMMON_BLOCKS = YES;
				GCC_OPTIMIZATION_LEVEL = 0;
				GCC_PREPROCESSOR_DEFINITIONS = (
					"DEBUG=1",
					"$(inherited)",
				);
				GCC_WARN_64_TO_32_BIT_CONVERSION = YES;
				GCC_WARN_ABOUT_RETURN_TYPE = YES_ERROR;
				GCC_WARN_UNDECLARED_SELECTOR = YES;
				GCC_WARN_UNINITIALIZED_AUTOS = YES_AGGRESSIVE;
				GCC_WARN_UNUSED_FUNCTION = YES;
				GCC_WARN_UNUSED_VARIABLE = YES;
				IPHONEOS_DEPLOYMENT_TARGET = 16.2;
				MTL_ENABLE_DEBUG_INFO = INCLUDE_SOURCE;
				MTL_FAST_MATH = YES;
				ONLY_ACTIVE_ARCH = YES;
				SDKROOT = iphoneos;
				SWIFT_ACTIVE_COMPILATION_CONDITIONS = DEBUG;
				SWIFT_OPTIMIZATION_LEVEL = "-Onone";
			};
			name = Debug;
		};
		29397E6E2981D06B0007F3D1 /* Release */ = {
			isa = XCBuildConfiguration;
			buildSettings = {
				ALWAYS_SEARCH_USER_PATHS = NO;
				CLANG_ANALYZER_NONNULL = YES;
				CLANG_ANALYZER_NUMBER_OBJECT_CONVERSION = YES_AGGRESSIVE;
				CLANG_CXX_LANGUAGE_STANDARD = "gnu++20";
				CLANG_ENABLE_MODULES = YES;
				CLANG_ENABLE_OBJC_ARC = YES;
				CLANG_ENABLE_OBJC_WEAK = YES;
				CLANG_WARN_BLOCK_CAPTURE_AUTORELEASING = YES;
				CLANG_WARN_BOOL_CONVERSION = YES;
				CLANG_WARN_COMMA = YES;
				CLANG_WARN_CONSTANT_CONVERSION = YES;
				CLANG_WARN_DEPRECATED_OBJC_IMPLEMENTATIONS = YES;
				CLANG_WARN_DIRECT_OBJC_ISA_USAGE = YES_ERROR;
				CLANG_WARN_DOCUMENTATION_COMMENTS = YES;
				CLANG_WARN_EMPTY_BODY = YES;
				CLANG_WARN_ENUM_CONVERSION = YES;
				CLANG_WARN_INFINITE_RECURSION = YES;
				CLANG_WARN_INT_CONVERSION = YES;
				CLANG_WARN_NON_LITERAL_NULL_CONVERSION = YES;
				CLANG_WARN_OBJC_IMPLICIT_RETAIN_SELF = YES;
				CLANG_WARN_OBJC_LITERAL_CONVERSION = YES;
				CLANG_WARN_OBJC_ROOT_CLASS = YES_ERROR;
				CLANG_WARN_QUOTED_INCLUDE_IN_FRAMEWORK_HEADER = YES;
				CLANG_WARN_RANGE_LOOP_ANALYSIS = YES;
				CLANG_WARN_STRICT_PROTOTYPES = YES;
				CLANG_WARN_SUSPICIOUS_MOVE = YES;
				CLANG_WARN_UNGUARDED_AVAILABILITY = YES_AGGRESSIVE;
				CLANG_WARN_UNREACHABLE_CODE = YES;
				CLANG_WARN__DUPLICATE_METHOD_MATCH = YES;
				COPY_PHASE_STRIP = NO;
				DEBUG_INFORMATION_FORMAT = "dwarf-with-dsym";
				ENABLE_NS_ASSERTIONS = NO;
				ENABLE_STRICT_OBJC_MSGSEND = YES;
				GCC_C_LANGUAGE_STANDARD = gnu11;
				GCC_NO_COMMON_BLOCKS = YES;
				GCC_WARN_64_TO_32_BIT_CONVERSION = YES;
				GCC_WARN_ABOUT_RETURN_TYPE = YES_ERROR;
				GCC_WARN_UNDECLARED_SELECTOR = YES;
				GCC_WARN_UNINITIALIZED_AUTOS = YES_AGGRESSIVE;
				GCC_WARN_UNUSED_FUNCTION = YES;
				GCC_WARN_UNUSED_VARIABLE = YES;
				IPHONEOS_DEPLOYMENT_TARGET = 16.2;
				MTL_ENABLE_DEBUG_INFO = NO;
				MTL_FAST_MATH = YES;
				SDKROOT = iphoneos;
				SWIFT_COMPILATION_MODE = wholemodule;
				SWIFT_OPTIMIZATION_LEVEL = "-O";
				VALIDATE_PRODUCT = YES;
			};
			name = Release;
		};
		29397E702981D06B0007F3D1 /* Debug */ = {
			isa = XCBuildConfiguration;
			baseConfigurationReference = DACA17065EE03E1823D138BE /* Pods-ChattingAPP.debug.xcconfig */;
			buildSettings = {
				ASSETCATALOG_COMPILER_APPICON_NAME = AppIcon;
				ASSETCATALOG_COMPILER_GLOBAL_ACCENT_COLOR_NAME = AccentColor;
				CODE_SIGN_STYLE = Automatic;
				CURRENT_PROJECT_VERSION = 1;
				DEVELOPMENT_ASSET_PATHS = "\"ChattingAPP/Preview Content\"";
				DEVELOPMENT_TEAM = TU72F4GFFV;
				ENABLE_PREVIEWS = YES;
				GENERATE_INFOPLIST_FILE = YES;
				INFOPLIST_KEY_UIApplicationSceneManifest_Generation = YES;
				INFOPLIST_KEY_UIApplicationSupportsIndirectInputEvents = YES;
				INFOPLIST_KEY_UILaunchScreen_Generation = YES;
				INFOPLIST_KEY_UISupportedInterfaceOrientations_iPad = "UIInterfaceOrientationPortrait UIInterfaceOrientationPortraitUpsideDown UIInterfaceOrientationLandscapeLeft UIInterfaceOrientationLandscapeRight";
				INFOPLIST_KEY_UISupportedInterfaceOrientations_iPhone = "UIInterfaceOrientationPortrait UIInterfaceOrientationLandscapeLeft UIInterfaceOrientationLandscapeRight";
				LD_RUNPATH_SEARCH_PATHS = (
					"$(inherited)",
					"@executable_path/Frameworks",
				);
				MARKETING_VERSION = 1.0;
				PRODUCT_BUNDLE_IDENTIFIER = mbabicz.ChattingAPP;
				PRODUCT_NAME = "$(TARGET_NAME)";
				SWIFT_EMIT_LOC_STRINGS = YES;
				SWIFT_VERSION = 5.0;
				TARGETED_DEVICE_FAMILY = "1,2";
			};
			name = Debug;
		};
		29397E712981D06B0007F3D1 /* Release */ = {
			isa = XCBuildConfiguration;
			baseConfigurationReference = 933593AEC3D0A08E79B0C539 /* Pods-ChattingAPP.release.xcconfig */;
			buildSettings = {
				ASSETCATALOG_COMPILER_APPICON_NAME = AppIcon;
				ASSETCATALOG_COMPILER_GLOBAL_ACCENT_COLOR_NAME = AccentColor;
				CODE_SIGN_STYLE = Automatic;
				CURRENT_PROJECT_VERSION = 1;
				DEVELOPMENT_ASSET_PATHS = "\"ChattingAPP/Preview Content\"";
				DEVELOPMENT_TEAM = TU72F4GFFV;
				ENABLE_PREVIEWS = YES;
				GENERATE_INFOPLIST_FILE = YES;
				INFOPLIST_KEY_UIApplicationSceneManifest_Generation = YES;
				INFOPLIST_KEY_UIApplicationSupportsIndirectInputEvents = YES;
				INFOPLIST_KEY_UILaunchScreen_Generation = YES;
				INFOPLIST_KEY_UISupportedInterfaceOrientations_iPad = "UIInterfaceOrientationPortrait UIInterfaceOrientationPortraitUpsideDown UIInterfaceOrientationLandscapeLeft UIInterfaceOrientationLandscapeRight";
				INFOPLIST_KEY_UISupportedInterfaceOrientations_iPhone = "UIInterfaceOrientationPortrait UIInterfaceOrientationLandscapeLeft UIInterfaceOrientationLandscapeRight";
				LD_RUNPATH_SEARCH_PATHS = (
					"$(inherited)",
					"@executable_path/Frameworks",
				);
				MARKETING_VERSION = 1.0;
				PRODUCT_BUNDLE_IDENTIFIER = mbabicz.ChattingAPP;
				PRODUCT_NAME = "$(TARGET_NAME)";
				SWIFT_EMIT_LOC_STRINGS = YES;
				SWIFT_VERSION = 5.0;
				TARGETED_DEVICE_FAMILY = "1,2";
			};
			name = Release;
		};
/* End XCBuildConfiguration section */

/* Begin XCConfigurationList section */
		29397E5C2981D0650007F3D1 /* Build configuration list for PBXProject "ChattingAPP" */ = {
			isa = XCConfigurationList;
			buildConfigurations = (
				29397E6D2981D06B0007F3D1 /* Debug */,
				29397E6E2981D06B0007F3D1 /* Release */,
			);
			defaultConfigurationIsVisible = 0;
			defaultConfigurationName = Release;
		};
		29397E6F2981D06B0007F3D1 /* Build configuration list for PBXNativeTarget "ChattingAPP" */ = {
			isa = XCConfigurationList;
			buildConfigurations = (
				29397E702981D06B0007F3D1 /* Debug */,
				29397E712981D06B0007F3D1 /* Release */,
			);
			defaultConfigurationIsVisible = 0;
			defaultConfigurationName = Release;
		};
/* End XCConfigurationList section */

/* Begin XCRemoteSwiftPackageReference section */
		29397E722981D22C0007F3D1 /* XCRemoteSwiftPackageReference "OpenAISwift" */ = {
			isa = XCRemoteSwiftPackageReference;
			repositoryURL = "https://github.com/adamrushy/OpenAISwift";
			requirement = {
				kind = upToNextMajorVersion;
				minimumVersion = 1.0.0;
			};
		};
/* End XCRemoteSwiftPackageReference section */

/* Begin XCSwiftPackageProductDependency section */
		29397E732981D22C0007F3D1 /* OpenAISwift */ = {
			isa = XCSwiftPackageProductDependency;
			package = 29397E722981D22C0007F3D1 /* XCRemoteSwiftPackageReference "OpenAISwift" */;
			productName = OpenAISwift;
		};
/* End XCSwiftPackageProductDependency section */
	};
	rootObject = 29397E592981D0650007F3D1 /* Project object */;
}
